// !$*UTF8*$!
{
	archiveVersion = 1;
	classes = {
	};
	objectVersion = 77;
	objects = {

/* Begin PBXBuildFile section */
		5029E4372EDF0CBB00308DD6 /* SpringInterpolation in Frameworks */ = {isa = PBXBuildFile; productRef = 5029E4362EDF0CBB00308DD6 /* SpringInterpolation */; };
		502E8E4E2EDEEA770088444D /* AXSwift in Frameworks */ = {isa = PBXBuildFile; productRef = 502E8E4D2EDEEA770088444D /* AXSwift */; };
		502E8E522EDEEC400088444D /* ChatClientKit in Frameworks */ = {isa = PBXBuildFile; productRef = 502E8E512EDEEC400088444D /* ChatClientKit */; };
		5074F2312EE00DE4001B4BFF /* GPTEncoder in Frameworks */ = {isa = PBXBuildFile; productRef = 5074F2302EE00DE4001B4BFF /* GPTEncoder */; };
		5077F5642ED6979A006E1769 /* SwifterSwift in Frameworks */ = {isa = PBXBuildFile; productRef = 5077F5632ED6979A006E1769 /* SwifterSwift */; };
		50D1A0032F90000000DA7A01 /* DisplayLink in Frameworks */ = {isa = PBXBuildFile; productRef = 50D1A0022F90000000DA7A01 /* DisplayLink */; };
		5077F5672ED697A5006E1769 /* ColorfulX in Frameworks */ = {isa = PBXBuildFile; productRef = 5077F5662ED697A5006E1769 /* ColorfulX */; };
		5077F56A2ED697BB006E1769 /* UIEffectKit in Frameworks */ = {isa = PBXBuildFile; productRef = 5077F5692ED697BB006E1769 /* UIEffectKit */; };
		50EF9F742EDEF86B000F9A57 /* SnapKit in Frameworks */ = {isa = PBXBuildFile; productRef = 50EF9F732EDEF86B000F9A57 /* SnapKit */; };
/* End PBXBuildFile section */

/* Begin PBXContainerItemProxy section */
		50CAB66F2EDFC23F00EFB065 /* PBXContainerItemProxy */ = {
			isa = PBXContainerItemProxy;
			containerPortal = 500F794F2ED6929F005B3B1A /* Project object */;
			proxyType = 1;
			remoteGlobalIDString = 500F79562ED6929F005B3B1A;
			remoteInfo = ComputerUse;
		};
/* End PBXContainerItemProxy section */

/* Begin PBXFileReference section */
		500F79572ED6929F005B3B1A /* ComputerUse.app */ = {isa = PBXFileReference; explicitFileType = wrapper.application; includeInIndex = 0; path = ComputerUse.app; sourceTree = BUILT_PRODUCTS_DIR; };
		50CAB66B2EDFC23F00EFB065 /* ComputerUseTests.xctest */ = {isa = PBXFileReference; explicitFileType = wrapper.cfbundle; includeInIndex = 0; path = ComputerUseTests.xctest; sourceTree = BUILT_PRODUCTS_DIR; };
/* End PBXFileReference section */

/* Begin PBXFileSystemSynchronizedBuildFileExceptionSet section */
		5077F5612ED696A3006E1769 /* Exceptions for "ComputerUse" folder in "ComputerUse" target */ = {
			isa = PBXFileSystemSynchronizedBuildFileExceptionSet;
			membershipExceptions = (
				Resources/Info.plist,
			);
			target = 500F79562ED6929F005B3B1A /* ComputerUse */;
		};
/* End PBXFileSystemSynchronizedBuildFileExceptionSet section */

/* Begin PBXFileSystemSynchronizedRootGroup section */
		500F79592ED6929F005B3B1A /* ComputerUse */ = {
			isa = PBXFileSystemSynchronizedRootGroup;
			exceptions = (
				5077F5612ED696A3006E1769 /* Exceptions for "ComputerUse" folder in "ComputerUse" target */,
			);
			path = ComputerUse;
			sourceTree = "<group>";
		};
		50CAB66C2EDFC23F00EFB065 /* ComputerUseTests */ = {
			isa = PBXFileSystemSynchronizedRootGroup;
			path = ComputerUseTests;
			sourceTree = "<group>";
		};
		50CAB6752EDFC24600EFB065 /* Packages */ = {
			isa = PBXFileSystemSynchronizedRootGroup;
			path = Packages;
			sourceTree = "<group>";
		};
/* End PBXFileSystemSynchronizedRootGroup section */

/* Begin PBXFrameworksBuildPhase section */
		500F79542ED6929F005B3B1A /* Frameworks */ = {
			isa = PBXFrameworksBuildPhase;
			buildActionMask = 2147483647;
			files = (
				5077F5672ED697A5006E1769 /* ColorfulX in Frameworks */,
				50D1A0032F90000000DA7A01 /* DisplayLink in Frameworks */,
				5077F56A2ED697BB006E1769 /* UIEffectKit in Frameworks */,
				502E8E522EDEEC400088444D /* ChatClientKit in Frameworks */,
				50EF9F742EDEF86B000F9A57 /* SnapKit in Frameworks */,
				5077F5642ED6979A006E1769 /* SwifterSwift in Frameworks */,
				5074F2312EE00DE4001B4BFF /* GPTEncoder in Frameworks */,
				5029E4372EDF0CBB00308DD6 /* SpringInterpolation in Frameworks */,
				502E8E4E2EDEEA770088444D /* AXSwift in Frameworks */,
			);
			runOnlyForDeploymentPostprocessing = 0;
		};
		50CAB6682EDFC23F00EFB065 /* Frameworks */ = {
			isa = PBXFrameworksBuildPhase;
			buildActionMask = 2147483647;
			files = (
			);
			runOnlyForDeploymentPostprocessing = 0;
		};
/* End PBXFrameworksBuildPhase section */

/* Begin PBXGroup section */
		500F794E2ED6929F005B3B1A = {
			isa = PBXGroup;
			children = (
				500F79592ED6929F005B3B1A /* ComputerUse */,
				50CAB6752EDFC24600EFB065 /* Packages */,
				50CAB66C2EDFC23F00EFB065 /* ComputerUseTests */,
				500F79582ED6929F005B3B1A /* Products */,
			);
			sourceTree = "<group>";
		};
		500F79582ED6929F005B3B1A /* Products */ = {
			isa = PBXGroup;
			children = (
				500F79572ED6929F005B3B1A /* ComputerUse.app */,
				50CAB66B2EDFC23F00EFB065 /* ComputerUseTests.xctest */,
			);
			name = Products;
			sourceTree = "<group>";
		};
/* End PBXGroup section */

/* Begin PBXNativeTarget section */
		500F79562ED6929F005B3B1A /* ComputerUse */ = {
			isa = PBXNativeTarget;
			buildConfigurationList = 500F79652ED692A0005B3B1A /* Build configuration list for PBXNativeTarget "ComputerUse" */;
			buildPhases = (
				500F79532ED6929F005B3B1A /* Sources */,
				500F79542ED6929F005B3B1A /* Frameworks */,
				500F79552ED6929F005B3B1A /* Resources */,
			);
			buildRules = (
			);
			dependencies = (
			);
			fileSystemSynchronizedGroups = (
				500F79592ED6929F005B3B1A /* ComputerUse */,
			);
			name = ComputerUse;
			packageProductDependencies = (
				5077F5632ED6979A006E1769 /* SwifterSwift */,
				5077F5662ED697A5006E1769 /* ColorfulX */,
				5077F5692ED697BB006E1769 /* UIEffectKit */,
				502E8E4D2EDEEA770088444D /* AXSwift */,
				502E8E512EDEEC400088444D /* ChatClientKit */,
				50EF9F732EDEF86B000F9A57 /* SnapKit */,
				5029E4362EDF0CBB00308DD6 /* SpringInterpolation */,
				5074F2302EE00DE4001B4BFF /* GPTEncoder */,
				50D1A0022F90000000DA7A01 /* DisplayLink */,
			);
			productName = ComputerUse;
			productReference = 500F79572ED6929F005B3B1A /* ComputerUse.app */;
			productType = "com.apple.product-type.application";
		};
		50CAB66A2EDFC23F00EFB065 /* ComputerUseTests */ = {
			isa = PBXNativeTarget;
			buildConfigurationList = 50CAB6732EDFC23F00EFB065 /* Build configuration list for PBXNativeTarget "ComputerUseTests" */;
			buildPhases = (
				50CAB6672EDFC23F00EFB065 /* Sources */,
				50CAB6682EDFC23F00EFB065 /* Frameworks */,
				50CAB6692EDFC23F00EFB065 /* Resources */,
			);
			buildRules = (
			);
			dependencies = (
				50CAB6702EDFC23F00EFB065 /* PBXTargetDependency */,
			);
			fileSystemSynchronizedGroups = (
				50CAB66C2EDFC23F00EFB065 /* ComputerUseTests */,
			);
			name = ComputerUseTests;
			packageProductDependencies = (
			);
			productName = ComputerUseTests;
			productReference = 50CAB66B2EDFC23F00EFB065 /* ComputerUseTests.xctest */;
			productType = "com.apple.product-type.bundle.unit-test";
		};
/* End PBXNativeTarget section */

/* Begin PBXProject section */
		500F794F2ED6929F005B3B1A /* Project object */ = {
			isa = PBXProject;
			attributes = {
				BuildIndependentTargetsInParallel = 1;
				LastSwiftUpdateCheck = 2610;
				LastUpgradeCheck = 2610;
				TargetAttributes = {
					500F79562ED6929F005B3B1A = {
						CreatedOnToolsVersion = 26.1.1;
					};
					50CAB66A2EDFC23F00EFB065 = {
						CreatedOnToolsVersion = 26.1.1;
						TestTargetID = 500F79562ED6929F005B3B1A;
					};
				};
			};
			buildConfigurationList = 500F79522ED6929F005B3B1A /* Build configuration list for PBXProject "ComputerUse" */;
			developmentRegion = en;
			hasScannedForEncodings = 0;
			knownRegions = (
				en,
				Base,
			);
			mainGroup = 500F794E2ED6929F005B3B1A;
			minimizedProjectReferenceProxies = 1;
			packageReferences = (
				5077F5622ED6979A006E1769 /* XCRemoteSwiftPackageReference "SwifterSwift" */,
				5077F5652ED697A5006E1769 /* XCRemoteSwiftPackageReference "ColorfulX" */,
				5077F5682ED697BB006E1769 /* XCRemoteSwiftPackageReference "UIEffectKit" */,
				502E8E4C2EDEEA770088444D /* XCRemoteSwiftPackageReference "AXSwift" */,
				50EF9F722EDEF86B000F9A57 /* XCRemoteSwiftPackageReference "SnapKit" */,
				5029E4352EDF0CBB00308DD6 /* XCRemoteSwiftPackageReference "SpringInterpolation" */,
				5074F22F2EE00DE4001B4BFF /* XCRemoteSwiftPackageReference "GPTEncoder" */,
				50D1A0012F90000000DA7A01 /* XCRemoteSwiftPackageReference "DisplayLink" */,
			);
			preferredProjectObjectVersion = 77;
			projectDirPath = "";
			projectRoot = "";
			targets = (
				500F79562ED6929F005B3B1A /* ComputerUse */,
				50CAB66A2EDFC23F00EFB065 /* ComputerUseTests */,
			);
		};
/* End PBXProject section */

/* Begin PBXResourcesBuildPhase section */
		500F79552ED6929F005B3B1A /* Resources */ = {
			isa = PBXResourcesBuildPhase;
			buildActionMask = 2147483647;
			files = (
			);
			runOnlyForDeploymentPostprocessing = 0;
		};
		50CAB6692EDFC23F00EFB065 /* Resources */ = {
			isa = PBXResourcesBuildPhase;
			buildActionMask = 2147483647;
			files = (
			);
			runOnlyForDeploymentPostprocessing = 0;
		};
/* End PBXResourcesBuildPhase section */

/* Begin PBXSourcesBuildPhase section */
		500F79532ED6929F005B3B1A /* Sources */ = {
			isa = PBXSourcesBuildPhase;
			buildActionMask = 2147483647;
			files = (
			);
			runOnlyForDeploymentPostprocessing = 0;
		};
		50CAB6672EDFC23F00EFB065 /* Sources */ = {
			isa = PBXSourcesBuildPhase;
			buildActionMask = 2147483647;
			files = (
			);
			runOnlyForDeploymentPostprocessing = 0;
		};
/* End PBXSourcesBuildPhase section */

/* Begin PBXTargetDependency section */
		50CAB6702EDFC23F00EFB065 /* PBXTargetDependency */ = {
			isa = PBXTargetDependency;
			target = 500F79562ED6929F005B3B1A /* ComputerUse */;
			targetProxy = 50CAB66F2EDFC23F00EFB065 /* PBXContainerItemProxy */;
		};
/* End PBXTargetDependency section */

/* Begin XCBuildConfiguration section */
		500F79632ED692A0005B3B1A /* Debug */ = {
			isa = XCBuildConfiguration;
			buildSettings = {
				ALWAYS_SEARCH_USER_PATHS = NO;
				ASSETCATALOG_COMPILER_GENERATE_SWIFT_ASSET_SYMBOL_EXTENSIONS = YES;
				CLANG_ANALYZER_NONNULL = YES;
				CLANG_ANALYZER_NUMBER_OBJECT_CONVERSION = YES_AGGRESSIVE;
				CLANG_CXX_LANGUAGE_STANDARD = "gnu++20";
				CLANG_ENABLE_MODULES = YES;
				CLANG_ENABLE_OBJC_ARC = YES;
				CLANG_ENABLE_OBJC_WEAK = YES;
				CLANG_WARN_BLOCK_CAPTURE_AUTORELEASING = YES;
				CLANG_WARN_BOOL_CONVERSION = YES;
				CLANG_WARN_COMMA = YES;
				CLANG_WARN_CONSTANT_CONVERSION = YES;
				CLANG_WARN_DEPRECATED_OBJC_IMPLEMENTATIONS = YES;
				CLANG_WARN_DIRECT_OBJC_ISA_USAGE = YES_ERROR;
				CLANG_WARN_DOCUMENTATION_COMMENTS = YES;
				CLANG_WARN_EMPTY_BODY = YES;
				CLANG_WARN_ENUM_CONVERSION = YES;
				CLANG_WARN_INFINITE_RECURSION = YES;
				CLANG_WARN_INT_CONVERSION = YES;
				CLANG_WARN_NON_LITERAL_NULL_CONVERSION = YES;
				CLANG_WARN_OBJC_IMPLICIT_RETAIN_SELF = YES;
				CLANG_WARN_OBJC_LITERAL_CONVERSION = YES;
				CLANG_WARN_OBJC_ROOT_CLASS = YES_ERROR;
				CLANG_WARN_QUOTED_INCLUDE_IN_FRAMEWORK_HEADER = YES;
				CLANG_WARN_RANGE_LOOP_ANALYSIS = YES;
				CLANG_WARN_STRICT_PROTOTYPES = YES;
				CLANG_WARN_SUSPICIOUS_MOVE = YES;
				CLANG_WARN_UNGUARDED_AVAILABILITY = YES_AGGRESSIVE;
				CLANG_WARN_UNREACHABLE_CODE = YES;
				CLANG_WARN__DUPLICATE_METHOD_MATCH = YES;
				COPY_PHASE_STRIP = NO;
				DEBUG_INFORMATION_FORMAT = dwarf;
				DEVELOPMENT_TEAM = 964G86XT2P;
				ENABLE_STRICT_OBJC_MSGSEND = YES;
				ENABLE_TESTABILITY = YES;
				ENABLE_USER_SCRIPT_SANDBOXING = YES;
				GCC_C_LANGUAGE_STANDARD = gnu17;
				GCC_DYNAMIC_NO_PIC = NO;
				GCC_NO_COMMON_BLOCKS = YES;
				GCC_OPTIMIZATION_LEVEL = 0;
				GCC_PREPROCESSOR_DEFINITIONS = (
					"DEBUG=1",
					"$(inherited)",
				);
				GCC_WARN_64_TO_32_BIT_CONVERSION = YES;
				GCC_WARN_ABOUT_RETURN_TYPE = YES_ERROR;
				GCC_WARN_UNDECLARED_SELECTOR = YES;
				GCC_WARN_UNINITIALIZED_AUTOS = YES_AGGRESSIVE;
				GCC_WARN_UNUSED_FUNCTION = YES;
				GCC_WARN_UNUSED_VARIABLE = YES;
				LOCALIZATION_PREFERS_STRING_CATALOGS = YES;
				MACOSX_DEPLOYMENT_TARGET = 26.1;
				MTL_ENABLE_DEBUG_INFO = INCLUDE_SOURCE;
				MTL_FAST_MATH = YES;
				ONLY_ACTIVE_ARCH = YES;
				SDKROOT = macosx;
				SWIFT_ACTIVE_COMPILATION_CONDITIONS = "DEBUG $(inherited)";
				SWIFT_OPTIMIZATION_LEVEL = "-Onone";
			};
			name = Debug;
		};
		500F79642ED692A0005B3B1A /* Release */ = {
			isa = XCBuildConfiguration;
			buildSettings = {
				ALWAYS_SEARCH_USER_PATHS = NO;
				ASSETCATALOG_COMPILER_GENERATE_SWIFT_ASSET_SYMBOL_EXTENSIONS = YES;
				CLANG_ANALYZER_NONNULL = YES;
				CLANG_ANALYZER_NUMBER_OBJECT_CONVERSION = YES_AGGRESSIVE;
				CLANG_CXX_LANGUAGE_STANDARD = "gnu++20";
				CLANG_ENABLE_MODULES = YES;
				CLANG_ENABLE_OBJC_ARC = YES;
				CLANG_ENABLE_OBJC_WEAK = YES;
				CLANG_WARN_BLOCK_CAPTURE_AUTORELEASING = YES;
				CLANG_WARN_BOOL_CONVERSION = YES;
				CLANG_WARN_COMMA = YES;
				CLANG_WARN_CONSTANT_CONVERSION = YES;
				CLANG_WARN_DEPRECATED_OBJC_IMPLEMENTATIONS = YES;
				CLANG_WARN_DIRECT_OBJC_ISA_USAGE = YES_ERROR;
				CLANG_WARN_DOCUMENTATION_COMMENTS = YES;
				CLANG_WARN_EMPTY_BODY = YES;
				CLANG_WARN_ENUM_CONVERSION = YES;
				CLANG_WARN_INFINITE_RECURSION = YES;
				CLANG_WARN_INT_CONVERSION = YES;
				CLANG_WARN_NON_LITERAL_NULL_CONVERSION = YES;
				CLANG_WARN_OBJC_IMPLICIT_RETAIN_SELF = YES;
				CLANG_WARN_OBJC_LITERAL_CONVERSION = YES;
				CLANG_WARN_OBJC_ROOT_CLASS = YES_ERROR;
				CLANG_WARN_QUOTED_INCLUDE_IN_FRAMEWORK_HEADER = YES;
				CLANG_WARN_RANGE_LOOP_ANALYSIS = YES;
				CLANG_WARN_STRICT_PROTOTYPES = YES;
				CLANG_WARN_SUSPICIOUS_MOVE = YES;
				CLANG_WARN_UNGUARDED_AVAILABILITY = YES_AGGRESSIVE;
				CLANG_WARN_UNREACHABLE_CODE = YES;
				CLANG_WARN__DUPLICATE_METHOD_MATCH = YES;
				COPY_PHASE_STRIP = NO;
				DEBUG_INFORMATION_FORMAT = "dwarf-with-dsym";
				DEVELOPMENT_TEAM = 964G86XT2P;
				ENABLE_NS_ASSERTIONS = NO;
				ENABLE_STRICT_OBJC_MSGSEND = YES;
				ENABLE_USER_SCRIPT_SANDBOXING = YES;
				GCC_C_LANGUAGE_STANDARD = gnu17;
				GCC_NO_COMMON_BLOCKS = YES;
				GCC_WARN_64_TO_32_BIT_CONVERSION = YES;
				GCC_WARN_ABOUT_RETURN_TYPE = YES_ERROR;
				GCC_WARN_UNDECLARED_SELECTOR = YES;
				GCC_WARN_UNINITIALIZED_AUTOS = YES_AGGRESSIVE;
				GCC_WARN_UNUSED_FUNCTION = YES;
				GCC_WARN_UNUSED_VARIABLE = YES;
				LOCALIZATION_PREFERS_STRING_CATALOGS = YES;
				MACOSX_DEPLOYMENT_TARGET = 26.1;
				MTL_ENABLE_DEBUG_INFO = NO;
				MTL_FAST_MATH = YES;
				SDKROOT = macosx;
				SWIFT_COMPILATION_MODE = wholemodule;
			};
			name = Release;
		};
		500F79662ED692A0005B3B1A /* Debug */ = {
			isa = XCBuildConfiguration;
			buildSettings = {
				ASSETCATALOG_COMPILER_APPICON_NAME = AppIcon;
				ASSETCATALOG_COMPILER_GLOBAL_ACCENT_COLOR_NAME = AccentColor;
				CODE_SIGN_STYLE = Automatic;
				COMBINE_HIDPI_IMAGES = YES;
				CURRENT_PROJECT_VERSION = 1;
				DEVELOPMENT_TEAM = 964G86XT2P;
				ENABLE_APP_SANDBOX = NO;
				ENABLE_HARDENED_RUNTIME = YES;
				GENERATE_INFOPLIST_FILE = YES;
				INFOPLIST_FILE = ComputerUse/Resources/Info.plist;
				INFOPLIST_KEY_CFBundleDisplayName = ComputerUse;
				INFOPLIST_KEY_LSApplicationCategoryType = "public.app-category.utilities";
				INFOPLIST_KEY_NSHumanReadableCopyright = "";
				LD_RUNPATH_SEARCH_PATHS = (
					"$(inherited)",
					"@executable_path/../Frameworks",
				);
				MACOSX_DEPLOYMENT_TARGET = 14.0;
				MARKETING_VERSION = 1.0;
				PRODUCT_BUNDLE_IDENTIFIER = wiki.qaq.ComputerUse;
				PRODUCT_NAME = "$(TARGET_NAME)";
				REGISTER_APP_GROUPS = YES;
				STRING_CATALOG_GENERATE_SYMBOLS = YES;
				SWIFT_APPROACHABLE_CONCURRENCY = YES;
				SWIFT_DEFAULT_ACTOR_ISOLATION = nonisolated;
				SWIFT_EMIT_LOC_STRINGS = YES;
				SWIFT_UPCOMING_FEATURE_MEMBER_IMPORT_VISIBILITY = YES;
				SWIFT_VERSION = 5.0;
			};
			name = Debug;
		};
		500F79672ED692A0005B3B1A /* Release */ = {
			isa = XCBuildConfiguration;
			buildSettings = {
				ASSETCATALOG_COMPILER_APPICON_NAME = AppIcon;
				ASSETCATALOG_COMPILER_GLOBAL_ACCENT_COLOR_NAME = AccentColor;
				CODE_SIGN_STYLE = Automatic;
				COMBINE_HIDPI_IMAGES = YES;
				CURRENT_PROJECT_VERSION = 1;
				DEVELOPMENT_TEAM = 964G86XT2P;
				ENABLE_APP_SANDBOX = NO;
				ENABLE_HARDENED_RUNTIME = YES;
				GENERATE_INFOPLIST_FILE = YES;
				INFOPLIST_FILE = ComputerUse/Resources/Info.plist;
				INFOPLIST_KEY_CFBundleDisplayName = ComputerUse;
				INFOPLIST_KEY_LSApplicationCategoryType = "public.app-category.utilities";
				INFOPLIST_KEY_NSHumanReadableCopyright = "";
				LD_RUNPATH_SEARCH_PATHS = (
					"$(inherited)",
					"@executable_path/../Frameworks",
				);
				MACOSX_DEPLOYMENT_TARGET = 14.0;
				MARKETING_VERSION = 1.0;
				PRODUCT_BUNDLE_IDENTIFIER = wiki.qaq.ComputerUse;
				PRODUCT_NAME = "$(TARGET_NAME)";
				REGISTER_APP_GROUPS = YES;
				STRING_CATALOG_GENERATE_SYMBOLS = YES;
				SWIFT_APPROACHABLE_CONCURRENCY = YES;
				SWIFT_DEFAULT_ACTOR_ISOLATION = nonisolated;
				SWIFT_EMIT_LOC_STRINGS = YES;
				SWIFT_UPCOMING_FEATURE_MEMBER_IMPORT_VISIBILITY = YES;
				SWIFT_VERSION = 5.0;
			};
			name = Release;
		};
		50CAB6712EDFC23F00EFB065 /* Debug */ = {
			isa = XCBuildConfiguration;
			buildSettings = {
				BUNDLE_LOADER = "$(TEST_HOST)";
				CODE_SIGN_STYLE = Automatic;
				CURRENT_PROJECT_VERSION = 1;
				DEVELOPMENT_TEAM = 964G86XT2P;
				GENERATE_INFOPLIST_FILE = YES;
				MARKETING_VERSION = 1.0;
				PRODUCT_BUNDLE_IDENTIFIER = wiki.qaq.ComputerUseTests;
				PRODUCT_NAME = "$(TARGET_NAME)";
				STRING_CATALOG_GENERATE_SYMBOLS = NO;
				SWIFT_APPROACHABLE_CONCURRENCY = YES;
				SWIFT_EMIT_LOC_STRINGS = NO;
				SWIFT_UPCOMING_FEATURE_MEMBER_IMPORT_VISIBILITY = YES;
				SWIFT_VERSION = 5.0;
				TEST_HOST = "$(BUILT_PRODUCTS_DIR)/ComputerUse.app/$(BUNDLE_EXECUTABLE_FOLDER_PATH)/ComputerUse";
			};
			name = Debug;
		};
		50CAB6722EDFC23F00EFB065 /* Release */ = {
			isa = XCBuildConfiguration;
			buildSettings = {
				BUNDLE_LOADER = "$(TEST_HOST)";
				CODE_SIGN_STYLE = Automatic;
				CURRENT_PROJECT_VERSION = 1;
				DEVELOPMENT_TEAM = 964G86XT2P;
				GENERATE_INFOPLIST_FILE = YES;
				MARKETING_VERSION = 1.0;
				PRODUCT_BUNDLE_IDENTIFIER = wiki.qaq.ComputerUseTests;
				PRODUCT_NAME = "$(TARGET_NAME)";
				STRING_CATALOG_GENERATE_SYMBOLS = NO;
				SWIFT_APPROACHABLE_CONCURRENCY = YES;
				SWIFT_EMIT_LOC_STRINGS = NO;
				SWIFT_UPCOMING_FEATURE_MEMBER_IMPORT_VISIBILITY = YES;
				SWIFT_VERSION = 5.0;
				TEST_HOST = "$(BUILT_PRODUCTS_DIR)/ComputerUse.app/$(BUNDLE_EXECUTABLE_FOLDER_PATH)/ComputerUse";
			};
			name = Release;
		};
/* End XCBuildConfiguration section */

/* Begin XCConfigurationList section */
		500F79522ED6929F005B3B1A /* Build configuration list for PBXProject "ComputerUse" */ = {
			isa = XCConfigurationList;
			buildConfigurations = (
				500F79632ED692A0005B3B1A /* Debug */,
				500F79642ED692A0005B3B1A /* Release */,
			);
			defaultConfigurationIsVisible = 0;
			defaultConfigurationName = Release;
		};
		500F79652ED692A0005B3B1A /* Build configuration list for PBXNativeTarget "ComputerUse" */ = {
			isa = XCConfigurationList;
			buildConfigurations = (
				500F79662ED692A0005B3B1A /* Debug */,
				500F79672ED692A0005B3B1A /* Release */,
			);
			defaultConfigurationIsVisible = 0;
			defaultConfigurationName = Release;
		};
		50CAB6732EDFC23F00EFB065 /* Build configuration list for PBXNativeTarget "ComputerUseTests" */ = {
			isa = XCConfigurationList;
			buildConfigurations = (
				50CAB6712EDFC23F00EFB065 /* Debug */,
				50CAB6722EDFC23F00EFB065 /* Release */,
			);
			defaultConfigurationIsVisible = 0;
			defaultConfigurationName = Release;
		};
/* End XCConfigurationList section */

/* Begin XCRemoteSwiftPackageReference section */
		5029E4352EDF0CBB00308DD6 /* XCRemoteSwiftPackageReference "SpringInterpolation" */ = {
			isa = XCRemoteSwiftPackageReference;
			repositoryURL = "https://github.com/Lakr233/SpringInterpolation";
			requirement = {
				kind = upToNextMajorVersion;
				minimumVersion = 1.4.0;
			};
		};
		502E8E4C2EDEEA770088444D /* XCRemoteSwiftPackageReference "AXSwift" */ = {
			isa = XCRemoteSwiftPackageReference;
			repositoryURL = "https://github.com/tmandry/AXSwift";
			requirement = {
				kind = upToNextMajorVersion;
				minimumVersion = 0.3.2;
			};
		};
		5074F22F2EE00DE4001B4BFF /* XCRemoteSwiftPackageReference "GPTEncoder" */ = {
			isa = XCRemoteSwiftPackageReference;
			repositoryURL = "https://github.com/alfianlosari/GPTEncoder";
			requirement = {
				kind = upToNextMajorVersion;
				minimumVersion = 1.0.4;
			};
		};
		5077F5622ED6979A006E1769 /* XCRemoteSwiftPackageReference "SwifterSwift" */ = {
			isa = XCRemoteSwiftPackageReference;
			repositoryURL = "https://github.com/SwifterSwift/SwifterSwift";
			requirement = {
				kind = upToNextMajorVersion;
				minimumVersion = 8.0.0;
			};
		};
		5077F5652ED697A5006E1769 /* XCRemoteSwiftPackageReference "ColorfulX" */ = {
			isa = XCRemoteSwiftPackageReference;
			repositoryURL = "https://github.com/Lakr233/ColorfulX";
			requirement = {
				kind = upToNextMajorVersion;
				minimumVersion = 6.1.1;
			};
		};
		5077F5682ED697BB006E1769 /* XCRemoteSwiftPackageReference "UIEffectKit" */ = {
			isa = XCRemoteSwiftPackageReference;
			repositoryURL = "https://github.com/Lakr233/UIEffectKit";
			requirement = {
				kind = upToNextMajorVersion;
				minimumVersion = 0.1.1;
			};
		};
		50EF9F722EDEF86B000F9A57 /* XCRemoteSwiftPackageReference "SnapKit" */ = {
			isa = XCRemoteSwiftPackageReference;
			repositoryURL = "https://github.com/SnapKit/SnapKit";
			requirement = {
				kind = upToNextMajorVersion;
				minimumVersion = 5.7.1;
			};
		};
		50D1A0012F90000000DA7A01 /* XCRemoteSwiftPackageReference "DisplayLink" */ = {
			isa = XCRemoteSwiftPackageReference;
			repositoryURL = "https://github.com/Lakr233/DisplayLink.git";
			requirement = {
				kind = upToNextMajorVersion;
				minimumVersion = 3.0.0;
			};
		};
/* End XCRemoteSwiftPackageReference section */

/* Begin XCSwiftPackageProductDependency section */
		5029E4362EDF0CBB00308DD6 /* SpringInterpolation */ = {
			isa = XCSwiftPackageProductDependency;
			package = 5029E4352EDF0CBB00308DD6 /* XCRemoteSwiftPackageReference "SpringInterpolation" */;
			productName = SpringInterpolation;
		};
		502E8E4D2EDEEA770088444D /* AXSwift */ = {
			isa = XCSwiftPackageProductDependency;
			package = 502E8E4C2EDEEA770088444D /* XCRemoteSwiftPackageReference "AXSwift" */;
			productName = AXSwift;
		};
		502E8E512EDEEC400088444D /* ChatClientKit */ = {
			isa = XCSwiftPackageProductDependency;
			productName = ChatClientKit;
		};
		5074F2302EE00DE4001B4BFF /* GPTEncoder */ = {
			isa = XCSwiftPackageProductDependency;
			package = 5074F22F2EE00DE4001B4BFF /* XCRemoteSwiftPackageReference "GPTEncoder" */;
			productName = GPTEncoder;
		};
		5077F5632ED6979A006E1769 /* SwifterSwift */ = {
			isa = XCSwiftPackageProductDependency;
			package = 5077F5622ED6979A006E1769 /* XCRemoteSwiftPackageReference "SwifterSwift" */;
			productName = SwifterSwift;
		};
		5077F5662ED697A5006E1769 /* ColorfulX */ = {
			isa = XCSwiftPackageProductDependency;
			package = 5077F5652ED697A5006E1769 /* XCRemoteSwiftPackageReference "ColorfulX" */;
			productName = ColorfulX;
		};
		5077F5692ED697BB006E1769 /* UIEffectKit */ = {
			isa = XCSwiftPackageProductDependency;
			package = 5077F5682ED697BB006E1769 /* XCRemoteSwiftPackageReference "UIEffectKit" */;
			productName = UIEffectKit;
		};
		50EF9F732EDEF86B000F9A57 /* SnapKit */ = {
			isa = XCSwiftPackageProductDependency;
			package = 50EF9F722EDEF86B000F9A57 /* XCRemoteSwiftPackageReference "SnapKit" */;
			productName = SnapKit;
		};
		50D1A0022F90000000DA7A01 /* DisplayLink */ = {
			isa = XCSwiftPackageProductDependency;
			package = 50D1A0012F90000000DA7A01 /* XCRemoteSwiftPackageReference "DisplayLink" */;
			productName = DisplayLink;
		};
/* End XCSwiftPackageProductDependency section */
	};
	rootObject = 500F794F2ED6929F005B3B1A /* Project object */;
}
